
Microsoft Visual Studio Solution File, Format Version 12.00
# Visual Studio Version 16
VisualStudioVersion = 16.0.29709.97
MinimumVisualStudioVersion = 10.0.40219.1
Project("{9A19103F-16F7-4668-BE54-9A1E7A4F7556}") = "TestApp", "TestApp.csproj", "{65BE25F2-9D51-4194-8125-860EAED0384B}"
EndProject
Global
	GlobalSection(SolutionConfigurationPlatforms) = preSolution
		Debug|Any CPU = Debug|Any CPU
		Release|Any CPU = Release|Any CPU
	EndGlobalSection
	GlobalSection(ProjectConfigurationPlatforms) = postSolution
		{65BE25F2-9D51-4194-8125-860EAED0384B}.Debug|Any CPU.ActiveCfg = Debug|Any CPU
		{65BE25F2-9D51-4194-8125-860EAED0384B}.Debug|Any CPU.Build.0 = Debug|Any CPU
		{65BE25F2-9D51-4194-8125-860EAED0384B}.Release|Any CPU.ActiveCfg = Release|Any CPU
		{65BE25F2-9D51-4194-8125-860EAED0384B}.Release|Any CPU.Build.0 = Release|Any CPU
	EndGlobalSection
	GlobalSection(SolutionProperties) = preSolution
		HideSolutionNode = FALSE
	EndGlobalSection
	GlobalSection(ExtensibilityGlobals) = postSolution
		SolutionGuid = {056B2857-DC6B-4AFE-92F6-EBC59F6AACEC}
	EndGlobalSection
EndGlobal
